
Microsoft Visual Studio Solution File, Format Version 12.00
# Visual Studio Version 16
VisualStudioVersion = 16.0.30128.74
MinimumVisualStudioVersion = 10.0.40219.1
Project("{8BC9CEB8-8B4A-11D0-8D11-00A0C91BC942}") = "ServerCMDF", "ServerCMDF.vcxproj", "{09BCC059-40EB-4B4D-A1FF-52BF7912B6DE}"
EndProject
Global
	GlobalSection(SolutionConfigurationPlatforms) = preSolution
		Debug|x64 = Debug|x64
		Debug|x86 = Debug|x86
		Release|x64 = Release|x64
		Release|x86 = Release|x86
	EndGlobalSection
	GlobalSection(ProjectConfigurationPlatforms) = postSolution
		{09BCC059-40EB-4B4D-A1FF-52BF7912B6DE}.Debug|x64.ActiveCfg = Debug|x64
		{09BCC059-40EB-4B4D-A1FF-52BF7912B6DE}.Debug|x64.Build.0 = Debug|x64
		{09BCC059-40EB-4B4D-A1FF-52BF7912B6DE}.Debug|x86.ActiveCfg = Debug|Win32
		{09BCC059-40EB-4B4D-A1FF-52BF7912B6DE}.Debug|x86.Build.0 = Debug|Win32
		{09BCC059-40EB-4B4D-A1FF-52BF7912B6DE}.Release|x64.ActiveCfg = Release|x64
		{09BCC059-40EB-4B4D-A1FF-52BF7912B6DE}.Release|x64.Build.0 = Release|x64
		{09BCC059-40EB-4B4D-A1FF-52BF7912B6DE}.Release|x86.ActiveCfg = Release|Win32
		{09BCC059-40EB-4B4D-A1FF-52BF7912B6DE}.Release|x86.Build.0 = Release|Win32
	EndGlobalSection
	GlobalSection(SolutionProperties) = preSolution
		HideSolutionNode = FALSE
	EndGlobalSection
	GlobalSection(ExtensibilityGlobals) = postSolution
		SolutionGuid = {3A092A99-31AF-499A-95AE-71DFE3C04519}
	EndGlobalSection
EndGlobal
